// !$*UTF8*$!
{
	archiveVersion = 1;
	classes = {
	};
	objectVersion = 51;
	objects = {

/* Begin PBXBuildFile section */
		45B22D902619A6AE001AC461 /* GoogleService-Info.plist in Resources */ = {isa = PBXBuildFile; fileRef = 45B22D8F2619A6AE001AC461 /* GoogleService-Info.plist */; };
		45B22DA62619A9B7001AC461 /* Post.swift in Sources */ = {isa = PBXBuildFile; fileRef = 45B22DA52619A9B7001AC461 /* Post.swift */; };
		45CDC2BB2640188600E29E15 /* LoginViewController.swift in Sources */ = {isa = PBXBuildFile; fileRef = 45CDC2BA2640188600E29E15 /* LoginViewController.swift */; };
		45E85C8E26115823005FF0DB /* AppDelegate.swift in Sources */ = {isa = PBXBuildFile; fileRef = 45E85C8D26115823005FF0DB /* AppDelegate.swift */; };
		45E85C9026115823005FF0DB /* SceneDelegate.swift in Sources */ = {isa = PBXBuildFile; fileRef = 45E85C8F26115823005FF0DB /* SceneDelegate.swift */; };
		45E85C9226115823005FF0DB /* ViewController.swift in Sources */ = {isa = PBXBuildFile; fileRef = 45E85C9126115823005FF0DB /* ViewController.swift */; };
		45E85C9526115823005FF0DB /* Main.storyboard in Resources */ = {isa = PBXBuildFile; fileRef = 45E85C9326115823005FF0DB /* Main.storyboard */; };
		45E85C9726115824005FF0DB /* Assets.xcassets in Resources */ = {isa = PBXBuildFile; fileRef = 45E85C9626115824005FF0DB /* Assets.xcassets */; };
		45E85C9A26115824005FF0DB /* LaunchScreen.storyboard in Resources */ = {isa = PBXBuildFile; fileRef = 45E85C9826115824005FF0DB /* LaunchScreen.storyboard */; };
		45E85CA526115824005FF0DB /* TILTests.swift in Sources */ = {isa = PBXBuildFile; fileRef = 45E85CA426115824005FF0DB /* TILTests.swift */; };
		45E85CB026115824005FF0DB /* TILUITests.swift in Sources */ = {isa = PBXBuildFile; fileRef = 45E85CAF26115824005FF0DB /* TILUITests.swift */; };
		45E85CC22611586A005FF0DB /* MainViewController.swift in Sources */ = {isa = PBXBuildFile; fileRef = 45E85CC12611586A005FF0DB /* MainViewController.swift */; };
		53814C0592895E6F9B3D76DE /* Pods_TIL.framework in Frameworks */ = {isa = PBXBuildFile; fileRef = D596EA991BFC0F71D08B23BD /* Pods_TIL.framework */; };
		D95FA00507FFE7A62CCC4DA9 /* Pods_TIL_TILUITests.framework in Frameworks */ = {isa = PBXBuildFile; fileRef = 5FB7EFE49E07234FF42DD9C8 /* Pods_TIL_TILUITests.framework */; };
		FCAE0653292492219124EE5F /* Pods_TILTests.framework in Frameworks */ = {isa = PBXBuildFile; fileRef = 4EB5018348DE2D4AFC6FA01D /* Pods_TILTests.framework */; };
/* End PBXBuildFile section */

/* Begin PBXContainerItemProxy section */
		45E85CA126115824005FF0DB /* PBXContainerItemProxy */ = {
			isa = PBXContainerItemProxy;
			containerPortal = 45E85C8226115823005FF0DB /* Project object */;
			proxyType = 1;
			remoteGlobalIDString = 45E85C8926115823005FF0DB;
			remoteInfo = TIL;
		};
		45E85CAC26115824005FF0DB /* PBXContainerItemProxy */ = {
			isa = PBXContainerItemProxy;
			containerPortal = 45E85C8226115823005FF0DB /* Project object */;
			proxyType = 1;
			remoteGlobalIDString = 45E85C8926115823005FF0DB;
			remoteInfo = TIL;
		};
/* End PBXContainerItemProxy section */

/* Begin PBXFileReference section */
		45B22D8F2619A6AE001AC461 /* GoogleService-Info.plist */ = {isa = PBXFileReference; fileEncoding = 4; lastKnownFileType = text.plist.xml; name = "GoogleService-Info.plist"; path = "../../../../../Downloads/GoogleService-Info.plist"; sourceTree = "<group>"; };
		45B22DA52619A9B7001AC461 /* Post.swift */ = {isa = PBXFileReference; lastKnownFileType = sourcecode.swift; path = Post.swift; sourceTree = "<group>"; };
		45CDC2BA2640188600E29E15 /* LoginViewController.swift */ = {isa = PBXFileReference; lastKnownFileType = sourcecode.swift; name = LoginViewController.swift; path = TIL/View/LoginViewController.swift; sourceTree = SOURCE_ROOT; };
		45E85C8A26115823005FF0DB /* TIL.app */ = {isa = PBXFileReference; explicitFileType = wrapper.application; includeInIndex = 0; path = TIL.app; sourceTree = BUILT_PRODUCTS_DIR; };
		45E85C8D26115823005FF0DB /* AppDelegate.swift */ = {isa = PBXFileReference; lastKnownFileType = sourcecode.swift; path = AppDelegate.swift; sourceTree = "<group>"; };
		45E85C8F26115823005FF0DB /* SceneDelegate.swift */ = {isa = PBXFileReference; lastKnownFileType = sourcecode.swift; path = SceneDelegate.swift; sourceTree = "<group>"; };
		45E85C9126115823005FF0DB /* ViewController.swift */ = {isa = PBXFileReference; lastKnownFileType = sourcecode.swift; path = ViewController.swift; sourceTree = "<group>"; };
		45E85C9426115823005FF0DB /* Base */ = {isa = PBXFileReference; lastKnownFileType = file.storyboard; name = Base; path = Base.lproj/Main.storyboard; sourceTree = "<group>"; };
		45E85C9626115824005FF0DB /* Assets.xcassets */ = {isa = PBXFileReference; lastKnownFileType = folder.assetcatalog; path = Assets.xcassets; sourceTree = "<group>"; };
		45E85C9926115824005FF0DB /* Base */ = {isa = PBXFileReference; lastKnownFileType = file.storyboard; name = Base; path = Base.lproj/LaunchScreen.storyboard; sourceTree = "<group>"; };
		45E85C9B26115824005FF0DB /* Info.plist */ = {isa = PBXFileReference; lastKnownFileType = text.plist.xml; path = Info.plist; sourceTree = "<group>"; };
		45E85CA026115824005FF0DB /* TILTests.xctest */ = {isa = PBXFileReference; explicitFileType = wrapper.cfbundle; includeInIndex = 0; path = TILTests.xctest; sourceTree = BUILT_PRODUCTS_DIR; };
		45E85CA426115824005FF0DB /* TILTests.swift */ = {isa = PBXFileReference; lastKnownFileType = sourcecode.swift; path = TILTests.swift; sourceTree = "<group>"; };
		45E85CA626115824005FF0DB /* Info.plist */ = {isa = PBXFileReference; lastKnownFileType = text.plist.xml; path = Info.plist; sourceTree = "<group>"; };
		45E85CAB26115824005FF0DB /* TILUITests.xctest */ = {isa = PBXFileReference; explicitFileType = wrapper.cfbundle; includeInIndex = 0; path = TILUITests.xctest; sourceTree = BUILT_PRODUCTS_DIR; };
		45E85CAF26115824005FF0DB /* TILUITests.swift */ = {isa = PBXFileReference; lastKnownFileType = sourcecode.swift; path = TILUITests.swift; sourceTree = "<group>"; };
		45E85CB126115824005FF0DB /* Info.plist */ = {isa = PBXFileReference; lastKnownFileType = text.plist.xml; path = Info.plist; sourceTree = "<group>"; };
		45E85CC12611586A005FF0DB /* MainViewController.swift */ = {isa = PBXFileReference; lastKnownFileType = sourcecode.swift; path = MainViewController.swift; sourceTree = "<group>"; };
		4EB5018348DE2D4AFC6FA01D /* Pods_TILTests.framework */ = {isa = PBXFileReference; explicitFileType = wrapper.framework; includeInIndex = 0; path = Pods_TILTests.framework; sourceTree = BUILT_PRODUCTS_DIR; };
		5FB7EFE49E07234FF42DD9C8 /* Pods_TIL_TILUITests.framework */ = {isa = PBXFileReference; explicitFileType = wrapper.framework; includeInIndex = 0; path = Pods_TIL_TILUITests.framework; sourceTree = BUILT_PRODUCTS_DIR; };
		64C7BA44EBB672C856D4E39A /* Pods-TIL-TILUITests.release.xcconfig */ = {isa = PBXFileReference; includeInIndex = 1; lastKnownFileType = text.xcconfig; name = "Pods-TIL-TILUITests.release.xcconfig"; path = "Target Support Files/Pods-TIL-TILUITests/Pods-TIL-TILUITests.release.xcconfig"; sourceTree = "<group>"; };
		7968BC804130FBB58D4DC46A /* Pods-TILTests.release.xcconfig */ = {isa = PBXFileReference; includeInIndex = 1; lastKnownFileType = text.xcconfig; name = "Pods-TILTests.release.xcconfig"; path = "Target Support Files/Pods-TILTests/Pods-TILTests.release.xcconfig"; sourceTree = "<group>"; };
		C1B9D18DA9F31F410A75447E /* Pods-TILTests.debug.xcconfig */ = {isa = PBXFileReference; includeInIndex = 1; lastKnownFileType = text.xcconfig; name = "Pods-TILTests.debug.xcconfig"; path = "Target Support Files/Pods-TILTests/Pods-TILTests.debug.xcconfig"; sourceTree = "<group>"; };
		CE3ED61395ADEB2B05F79519 /* Pods-TIL-TILUITests.debug.xcconfig */ = {isa = PBXFileReference; includeInIndex = 1; lastKnownFileType = text.xcconfig; name = "Pods-TIL-TILUITests.debug.xcconfig"; path = "Target Support Files/Pods-TIL-TILUITests/Pods-TIL-TILUITests.debug.xcconfig"; sourceTree = "<group>"; };
		D596EA991BFC0F71D08B23BD /* Pods_TIL.framework */ = {isa = PBXFileReference; explicitFileType = wrapper.framework; includeInIndex = 0; path = Pods_TIL.framework; sourceTree = BUILT_PRODUCTS_DIR; };
		E471F84E26B779E6C5B7429B /* Pods-TIL.release.xcconfig */ = {isa = PBXFileReference; includeInIndex = 1; lastKnownFileType = text.xcconfig; name = "Pods-TIL.release.xcconfig"; path = "Target Support Files/Pods-TIL/Pods-TIL.release.xcconfig"; sourceTree = "<group>"; };
		E9BF682DB68C0947DB0FBA8A /* Pods-TIL.debug.xcconfig */ = {isa = PBXFileReference; includeInIndex = 1; lastKnownFileType = text.xcconfig; name = "Pods-TIL.debug.xcconfig"; path = "Target Support Files/Pods-TIL/Pods-TIL.debug.xcconfig"; sourceTree = "<group>"; };
/* End PBXFileReference section */

/* Begin PBXFrameworksBuildPhase section */
		45E85C8726115823005FF0DB /* Frameworks */ = {
			isa = PBXFrameworksBuildPhase;
			buildActionMask = 2147483647;
			files = (
				53814C0592895E6F9B3D76DE /* Pods_TIL.framework in Frameworks */,
			);
			runOnlyForDeploymentPostprocessing = 0;
		};
		45E85C9D26115824005FF0DB /* Frameworks */ = {
			isa = PBXFrameworksBuildPhase;
			buildActionMask = 2147483647;
			files = (
				FCAE0653292492219124EE5F /* Pods_TILTests.framework in Frameworks */,
			);
			runOnlyForDeploymentPostprocessing = 0;
		};
		45E85CA826115824005FF0DB /* Frameworks */ = {
			isa = PBXFrameworksBuildPhase;
			buildActionMask = 2147483647;
			files = (
				D95FA00507FFE7A62CCC4DA9 /* Pods_TIL_TILUITests.framework in Frameworks */,
			);
			runOnlyForDeploymentPostprocessing = 0;
		};
/* End PBXFrameworksBuildPhase section */

/* Begin PBXGroup section */
		42695A891E1E8434D103FB90 /* Pods */ = {
			isa = PBXGroup;
			children = (
				E9BF682DB68C0947DB0FBA8A /* Pods-TIL.debug.xcconfig */,
				E471F84E26B779E6C5B7429B /* Pods-TIL.release.xcconfig */,
				CE3ED61395ADEB2B05F79519 /* Pods-TIL-TILUITests.debug.xcconfig */,
				64C7BA44EBB672C856D4E39A /* Pods-TIL-TILUITests.release.xcconfig */,
				C1B9D18DA9F31F410A75447E /* Pods-TILTests.debug.xcconfig */,
				7968BC804130FBB58D4DC46A /* Pods-TILTests.release.xcconfig */,
			);
			path = Pods;
			sourceTree = "<group>";
		};
		45B22DA42619A97A001AC461 /* Model */ = {
			isa = PBXGroup;
			children = (
				45B22DA52619A9B7001AC461 /* Post.swift */,
			);
			path = Model;
			sourceTree = "<group>";
		};
		45C92A332620896100CF0628 /* cell */ = {
			isa = PBXGroup;
			children = (
			);
			path = cell;
			sourceTree = "<group>";
		};
		45E85C8126115823005FF0DB = {
			isa = PBXGroup;
			children = (
				45E85C8C26115823005FF0DB /* TIL */,
				45E85CA326115824005FF0DB /* TILTests */,
				45E85CAE26115824005FF0DB /* TILUITests */,
				45E85C8B26115823005FF0DB /* Products */,
				42695A891E1E8434D103FB90 /* Pods */,
				58BFEC1F49118E14A1B4A090 /* Frameworks */,
			);
			sourceTree = "<group>";
		};
		45E85C8B26115823005FF0DB /* Products */ = {
			isa = PBXGroup;
			children = (
				45E85C8A26115823005FF0DB /* TIL.app */,
				45E85CA026115824005FF0DB /* TILTests.xctest */,
				45E85CAB26115824005FF0DB /* TILUITests.xctest */,
			);
			name = Products;
			sourceTree = "<group>";
		};
		45E85C8C26115823005FF0DB /* TIL */ = {
			isa = PBXGroup;
			children = (
				45B22DA42619A97A001AC461 /* Model */,
				45E85CC026115838005FF0DB /* view */,
				45E85C8D26115823005FF0DB /* AppDelegate.swift */,
				45E85C8F26115823005FF0DB /* SceneDelegate.swift */,
				45E85C9326115823005FF0DB /* Main.storyboard */,
				45E85C9626115824005FF0DB /* Assets.xcassets */,
				45E85C9826115824005FF0DB /* LaunchScreen.storyboard */,
				45E85C9B26115824005FF0DB /* Info.plist */,
				45B22D8F2619A6AE001AC461 /* GoogleService-Info.plist */,
			);
			path = TIL;
			sourceTree = "<group>";
		};
		45E85CA326115824005FF0DB /* TILTests */ = {
			isa = PBXGroup;
			children = (
				45E85CA426115824005FF0DB /* TILTests.swift */,
				45E85CA626115824005FF0DB /* Info.plist */,
			);
			path = TILTests;
			sourceTree = "<group>";
		};
		45E85CAE26115824005FF0DB /* TILUITests */ = {
			isa = PBXGroup;
			children = (
				45E85CAF26115824005FF0DB /* TILUITests.swift */,
				45E85CB126115824005FF0DB /* Info.plist */,
			);
			path = TILUITests;
			sourceTree = "<group>";
		};
		45E85CC026115838005FF0DB /* view */ = {
			isa = PBXGroup;
			children = (
				45C92A332620896100CF0628 /* cell */,
				45E85C9126115823005FF0DB /* ViewController.swift */,
				45E85CC12611586A005FF0DB /* MainViewController.swift */,
				45CDC2BA2640188600E29E15 /* LoginViewController.swift */,
			);
			path = view;
			sourceTree = "<group>";
		};
		58BFEC1F49118E14A1B4A090 /* Frameworks */ = {
			isa = PBXGroup;
			children = (
				D596EA991BFC0F71D08B23BD /* Pods_TIL.framework */,
				5FB7EFE49E07234FF42DD9C8 /* Pods_TIL_TILUITests.framework */,
				4EB5018348DE2D4AFC6FA01D /* Pods_TILTests.framework */,
			);
			name = Frameworks;
			sourceTree = "<group>";
		};
/* End PBXGroup section */

/* Begin PBXNativeTarget section */
		45E85C8926115823005FF0DB /* TIL */ = {
			isa = PBXNativeTarget;
			buildConfigurationList = 45E85CB426115824005FF0DB /* Build configuration list for PBXNativeTarget "TIL" */;
			buildPhases = (
				F203F8F8EDACD6EB0D77D31C /* [CP] Check Pods Manifest.lock */,
				45E85C8626115823005FF0DB /* Sources */,
				45E85C8726115823005FF0DB /* Frameworks */,
				45E85C8826115823005FF0DB /* Resources */,
				68E6D0D38717B4DB5C6DA565 /* [CP] Embed Pods Frameworks */,
			);
			buildRules = (
			);
			dependencies = (
			);
			name = TIL;
			productName = TIL;
			productReference = 45E85C8A26115823005FF0DB /* TIL.app */;
			productType = "com.apple.product-type.application";
		};
		45E85C9F26115824005FF0DB /* TILTests */ = {
			isa = PBXNativeTarget;
			buildConfigurationList = 45E85CB726115824005FF0DB /* Build configuration list for PBXNativeTarget "TILTests" */;
			buildPhases = (
				78C0B2E9B93070017B256E72 /* [CP] Check Pods Manifest.lock */,
				45E85C9C26115824005FF0DB /* Sources */,
				45E85C9D26115824005FF0DB /* Frameworks */,
				45E85C9E26115824005FF0DB /* Resources */,
			);
			buildRules = (
			);
			dependencies = (
				45E85CA226115824005FF0DB /* PBXTargetDependency */,
			);
			name = TILTests;
			productName = TILTests;
			productReference = 45E85CA026115824005FF0DB /* TILTests.xctest */;
			productType = "com.apple.product-type.bundle.unit-test";
		};
		45E85CAA26115824005FF0DB /* TILUITests */ = {
			isa = PBXNativeTarget;
			buildConfigurationList = 45E85CBA26115824005FF0DB /* Build configuration list for PBXNativeTarget "TILUITests" */;
			buildPhases = (
				89CD0E5C6C78F6E993CFF46D /* [CP] Check Pods Manifest.lock */,
				45E85CA726115824005FF0DB /* Sources */,
				45E85CA826115824005FF0DB /* Frameworks */,
				45E85CA926115824005FF0DB /* Resources */,
				9B19A4FB22480AFDC1E285F8 /* [CP] Embed Pods Frameworks */,
			);
			buildRules = (
			);
			dependencies = (
				45E85CAD26115824005FF0DB /* PBXTargetDependency */,
			);
			name = TILUITests;
			productName = TILUITests;
			productReference = 45E85CAB26115824005FF0DB /* TILUITests.xctest */;
			productType = "com.apple.product-type.bundle.ui-testing";
		};
/* End PBXNativeTarget section */

/* Begin PBXProject section */
		45E85C8226115823005FF0DB /* Project object */ = {
			isa = PBXProject;
			attributes = {
				LastSwiftUpdateCheck = 1240;
				LastUpgradeCheck = 1240;
				TargetAttributes = {
					45E85C8926115823005FF0DB = {
						CreatedOnToolsVersion = 12.4;
					};
					45E85C9F26115824005FF0DB = {
						CreatedOnToolsVersion = 12.4;
						TestTargetID = 45E85C8926115823005FF0DB;
					};
					45E85CAA26115824005FF0DB = {
						CreatedOnToolsVersion = 12.4;
						TestTargetID = 45E85C8926115823005FF0DB;
					};
				};
			};
			buildConfigurationList = 45E85C8526115823005FF0DB /* Build configuration list for PBXProject "TIL" */;
			compatibilityVersion = "Xcode 9.3";
			developmentRegion = en;
			hasScannedForEncodings = 0;
			knownRegions = (
				en,
				Base,
			);
			mainGroup = 45E85C8126115823005FF0DB;
			productRefGroup = 45E85C8B26115823005FF0DB /* Products */;
			projectDirPath = "";
			projectRoot = "";
			targets = (
				45E85C8926115823005FF0DB /* TIL */,
				45E85C9F26115824005FF0DB /* TILTests */,
				45E85CAA26115824005FF0DB /* TILUITests */,
			);
		};
/* End PBXProject section */

/* Begin PBXResourcesBuildPhase section */
		45E85C8826115823005FF0DB /* Resources */ = {
			isa = PBXResourcesBuildPhase;
			buildActionMask = 2147483647;
			files = (
				45E85C9A26115824005FF0DB /* LaunchScreen.storyboard in Resources */,
				45E85C9726115824005FF0DB /* Assets.xcassets in Resources */,
				45B22D902619A6AE001AC461 /* GoogleService-Info.plist in Resources */,
				45E85C9526115823005FF0DB /* Main.storyboard in Resources */,
			);
			runOnlyForDeploymentPostprocessing = 0;
		};
		45E85C9E26115824005FF0DB /* Resources */ = {
			isa = PBXResourcesBuildPhase;
			buildActionMask = 2147483647;
			files = (
			);
			runOnlyForDeploymentPostprocessing = 0;
		};
		45E85CA926115824005FF0DB /* Resources */ = {
			isa = PBXResourcesBuildPhase;
			buildActionMask = 2147483647;
			files = (
			);
			runOnlyForDeploymentPostprocessing = 0;
		};
/* End PBXResourcesBuildPhase section */

/* Begin PBXShellScriptBuildPhase section */
		68E6D0D38717B4DB5C6DA565 /* [CP] Embed Pods Frameworks */ = {
			isa = PBXShellScriptBuildPhase;
			buildActionMask = 2147483647;
			files = (
			);
			inputFileListPaths = (
				"${PODS_ROOT}/Target Support Files/Pods-TIL/Pods-TIL-frameworks-${CONFIGURATION}-input-files.xcfilelist",
			);
			name = "[CP] Embed Pods Frameworks";
			outputFileListPaths = (
				"${PODS_ROOT}/Target Support Files/Pods-TIL/Pods-TIL-frameworks-${CONFIGURATION}-output-files.xcfilelist",
			);
			runOnlyForDeploymentPostprocessing = 0;
			shellPath = /bin/sh;
			shellScript = "\"${PODS_ROOT}/Target Support Files/Pods-TIL/Pods-TIL-frameworks.sh\"\n";
			showEnvVarsInLog = 0;
		};
		78C0B2E9B93070017B256E72 /* [CP] Check Pods Manifest.lock */ = {
			isa = PBXShellScriptBuildPhase;
			buildActionMask = 2147483647;
			files = (
			);
			inputFileListPaths = (
			);
			inputPaths = (
				"${PODS_PODFILE_DIR_PATH}/Podfile.lock",
				"${PODS_ROOT}/Manifest.lock",
			);
			name = "[CP] Check Pods Manifest.lock";
			outputFileListPaths = (
			);
			outputPaths = (
				"$(DERIVED_FILE_DIR)/Pods-TILTests-checkManifestLockResult.txt",
			);
			runOnlyForDeploymentPostprocessing = 0;
			shellPath = /bin/sh;
			shellScript = "diff \"${PODS_PODFILE_DIR_PATH}/Podfile.lock\" \"${PODS_ROOT}/Manifest.lock\" > /dev/null\nif [ $? != 0 ] ; then\n    # print error to STDERR\n    echo \"error: The sandbox is not in sync with the Podfile.lock. Run 'pod install' or update your CocoaPods installation.\" >&2\n    exit 1\nfi\n# This output is used by Xcode 'outputs' to avoid re-running this script phase.\necho \"SUCCESS\" > \"${SCRIPT_OUTPUT_FILE_0}\"\n";
			showEnvVarsInLog = 0;
		};
		89CD0E5C6C78F6E993CFF46D /* [CP] Check Pods Manifest.lock */ = {
			isa = PBXShellScriptBuildPhase;
			buildActionMask = 2147483647;
			files = (
			);
			inputFileListPaths = (
			);
			inputPaths = (
				"${PODS_PODFILE_DIR_PATH}/Podfile.lock",
				"${PODS_ROOT}/Manifest.lock",
			);
			name = "[CP] Check Pods Manifest.lock";
			outputFileListPaths = (
			);
			outputPaths = (
				"$(DERIVED_FILE_DIR)/Pods-TIL-TILUITests-checkManifestLockResult.txt",
			);
			runOnlyForDeploymentPostprocessing = 0;
			shellPath = /bin/sh;
			shellScript = "diff \"${PODS_PODFILE_DIR_PATH}/Podfile.lock\" \"${PODS_ROOT}/Manifest.lock\" > /dev/null\nif [ $? != 0 ] ; then\n    # print error to STDERR\n    echo \"error: The sandbox is not in sync with the Podfile.lock. Run 'pod install' or update your CocoaPods installation.\" >&2\n    exit 1\nfi\n# This output is used by Xcode 'outputs' to avoid re-running this script phase.\necho \"SUCCESS\" > \"${SCRIPT_OUTPUT_FILE_0}\"\n";
			showEnvVarsInLog = 0;
		};
		9B19A4FB22480AFDC1E285F8 /* [CP] Embed Pods Frameworks */ = {
			isa = PBXShellScriptBuildPhase;
			buildActionMask = 2147483647;
			files = (
			);
			inputFileListPaths = (
				"${PODS_ROOT}/Target Support Files/Pods-TIL-TILUITests/Pods-TIL-TILUITests-frameworks-${CONFIGURATION}-input-files.xcfilelist",
			);
			name = "[CP] Embed Pods Frameworks";
			outputFileListPaths = (
				"${PODS_ROOT}/Target Support Files/Pods-TIL-TILUITests/Pods-TIL-TILUITests-frameworks-${CONFIGURATION}-output-files.xcfilelist",
			);
			runOnlyForDeploymentPostprocessing = 0;
			shellPath = /bin/sh;
			shellScript = "\"${PODS_ROOT}/Target Support Files/Pods-TIL-TILUITests/Pods-TIL-TILUITests-frameworks.sh\"\n";
			showEnvVarsInLog = 0;
		};
		F203F8F8EDACD6EB0D77D31C /* [CP] Check Pods Manifest.lock */ = {
			isa = PBXShellScriptBuildPhase;
			buildActionMask = 2147483647;
			files = (
			);
			inputFileListPaths = (
			);
			inputPaths = (
				"${PODS_PODFILE_DIR_PATH}/Podfile.lock",
				"${PODS_ROOT}/Manifest.lock",
			);
			name = "[CP] Check Pods Manifest.lock";
			outputFileListPaths = (
			);
			outputPaths = (
				"$(DERIVED_FILE_DIR)/Pods-TIL-checkManifestLockResult.txt",
			);
			runOnlyForDeploymentPostprocessing = 0;
			shellPath = /bin/sh;
			shellScript = "diff \"${PODS_PODFILE_DIR_PATH}/Podfile.lock\" \"${PODS_ROOT}/Manifest.lock\" > /dev/null\nif [ $? != 0 ] ; then\n    # print error to STDERR\n    echo \"error: The sandbox is not in sync with the Podfile.lock. Run 'pod install' or update your CocoaPods installation.\" >&2\n    exit 1\nfi\n# This output is used by Xcode 'outputs' to avoid re-running this script phase.\necho \"SUCCESS\" > \"${SCRIPT_OUTPUT_FILE_0}\"\n";
			showEnvVarsInLog = 0;
		};
/* End PBXShellScriptBuildPhase section */

/* Begin PBXSourcesBuildPhase section */
		45E85C8626115823005FF0DB /* Sources */ = {
			isa = PBXSourcesBuildPhase;
			buildActionMask = 2147483647;
			files = (
				45CDC2BB2640188600E29E15 /* LoginViewController.swift in Sources */,
				45E85C9226115823005FF0DB /* ViewController.swift in Sources */,
				45E85C8E26115823005FF0DB /* AppDelegate.swift in Sources */,
				45E85C9026115823005FF0DB /* SceneDelegate.swift in Sources */,
				45E85CC22611586A005FF0DB /* MainViewController.swift in Sources */,
				45B22DA62619A9B7001AC461 /* Post.swift in Sources */,
			);
			runOnlyForDeploymentPostprocessing = 0;
		};
		45E85C9C26115824005FF0DB /* Sources */ = {
			isa = PBXSourcesBuildPhase;
			buildActionMask = 2147483647;
			files = (
				45E85CA526115824005FF0DB /* TILTests.swift in Sources */,
			);
			runOnlyForDeploymentPostprocessing = 0;
		};
		45E85CA726115824005FF0DB /* Sources */ = {
			isa = PBXSourcesBuildPhase;
			buildActionMask = 2147483647;
			files = (
				45E85CB026115824005FF0DB /* TILUITests.swift in Sources */,
			);
			runOnlyForDeploymentPostprocessing = 0;
		};
/* End PBXSourcesBuildPhase section */

/* Begin PBXTargetDependency section */
		45E85CA226115824005FF0DB /* PBXTargetDependency */ = {
			isa = PBXTargetDependency;
			target = 45E85C8926115823005FF0DB /* TIL */;
			targetProxy = 45E85CA126115824005FF0DB /* PBXContainerItemProxy */;
		};
		45E85CAD26115824005FF0DB /* PBXTargetDependency */ = {
			isa = PBXTargetDependency;
			target = 45E85C8926115823005FF0DB /* TIL */;
			targetProxy = 45E85CAC26115824005FF0DB /* PBXContainerItemProxy */;
		};
/* End PBXTargetDependency section */

/* Begin PBXVariantGroup section */
		45E85C9326115823005FF0DB /* Main.storyboard */ = {
			isa = PBXVariantGroup;
			children = (
				45E85C9426115823005FF0DB /* Base */,
			);
			name = Main.storyboard;
			sourceTree = "<group>";
		};
		45E85C9826115824005FF0DB /* LaunchScreen.storyboard */ = {
			isa = PBXVariantGroup;
			children = (
				45E85C9926115824005FF0DB /* Base */,
			);
			name = LaunchScreen.storyboard;
			sourceTree = "<group>";
		};
/* End PBXVariantGroup section */

/* Begin XCBuildConfiguration section */
		45E85CB226115824005FF0DB /* Debug */ = {
			isa = XCBuildConfiguration;
			buildSettings = {
				ALWAYS_SEARCH_USER_PATHS = NO;
				CLANG_ANALYZER_NONNULL = YES;
				CLANG_ANALYZER_NUMBER_OBJECT_CONVERSION = YES_AGGRESSIVE;
				CLANG_CXX_LANGUAGE_STANDARD = "gnu++14";
				CLANG_CXX_LIBRARY = "libc++";
				CLANG_ENABLE_MODULES = YES;
				CLANG_ENABLE_OBJC_ARC = YES;
				CLANG_ENABLE_OBJC_WEAK = YES;
				CLANG_WARN_BLOCK_CAPTURE_AUTORELEASING = YES;
				CLANG_WARN_BOOL_CONVERSION = YES;
				CLANG_WARN_COMMA = YES;
				CLANG_WARN_CONSTANT_CONVERSION = YES;
				CLANG_WARN_DEPRECATED_OBJC_IMPLEMENTATIONS = YES;
				CLANG_WARN_DIRECT_OBJC_ISA_USAGE = YES_ERROR;
				CLANG_WARN_DOCUMENTATION_COMMENTS = YES;
				CLANG_WARN_EMPTY_BODY = YES;
				CLANG_WARN_ENUM_CONVERSION = YES;
				CLANG_WARN_INFINITE_RECURSION = YES;
				CLANG_WARN_INT_CONVERSION = YES;
				CLANG_WARN_NON_LITERAL_NULL_CONVERSION = YES;
				CLANG_WARN_OBJC_IMPLICIT_RETAIN_SELF = YES;
				CLANG_WARN_OBJC_LITERAL_CONVERSION = YES;
				CLANG_WARN_OBJC_ROOT_CLASS = YES_ERROR;
				CLANG_WARN_QUOTED_INCLUDE_IN_FRAMEWORK_HEADER = YES;
				CLANG_WARN_RANGE_LOOP_ANALYSIS = YES;
				CLANG_WARN_STRICT_PROTOTYPES = YES;
				CLANG_WARN_SUSPICIOUS_MOVE = YES;
				CLANG_WARN_UNGUARDED_AVAILABILITY = YES_AGGRESSIVE;
				CLANG_WARN_UNREACHABLE_CODE = YES;
				CLANG_WARN__DUPLICATE_METHOD_MATCH = YES;
				COPY_PHASE_STRIP = NO;
				DEBUG_INFORMATION_FORMAT = dwarf;
				ENABLE_STRICT_OBJC_MSGSEND = YES;
				ENABLE_TESTABILITY = YES;
				GCC_C_LANGUAGE_STANDARD = gnu11;
				GCC_DYNAMIC_NO_PIC = NO;
				GCC_NO_COMMON_BLOCKS = YES;
				GCC_OPTIMIZATION_LEVEL = 0;
				GCC_PREPROCESSOR_DEFINITIONS = (
					"DEBUG=1",
					"$(inherited)",
				);
				GCC_WARN_64_TO_32_BIT_CONVERSION = YES;
				GCC_WARN_ABOUT_RETURN_TYPE = YES_ERROR;
				GCC_WARN_UNDECLARED_SELECTOR = YES;
				GCC_WARN_UNINITIALIZED_AUTOS = YES_AGGRESSIVE;
				GCC_WARN_UNUSED_FUNCTION = YES;
				GCC_WARN_UNUSED_VARIABLE = YES;
				IPHONEOS_DEPLOYMENT_TARGET = 14.4;
				MTL_ENABLE_DEBUG_INFO = INCLUDE_SOURCE;
				MTL_FAST_MATH = YES;
				ONLY_ACTIVE_ARCH = YES;
				SDKROOT = iphoneos;
				SWIFT_ACTIVE_COMPILATION_CONDITIONS = DEBUG;
				SWIFT_OPTIMIZATION_LEVEL = "-Onone";
			};
			name = Debug;
		};
		45E85CB326115824005FF0DB /* Release */ = {
			isa = XCBuildConfiguration;
			buildSettings = {
				ALWAYS_SEARCH_USER_PATHS = NO;
				CLANG_ANALYZER_NONNULL = YES;
				CLANG_ANALYZER_NUMBER_OBJECT_CONVERSION = YES_AGGRESSIVE;
				CLANG_CXX_LANGUAGE_STANDARD = "gnu++14";
				CLANG_CXX_LIBRARY = "libc++";
				CLANG_ENABLE_MODULES = YES;
				CLANG_ENABLE_OBJC_ARC = YES;
				CLANG_ENABLE_OBJC_WEAK = YES;
				CLANG_WARN_BLOCK_CAPTURE_AUTORELEASING = YES;
				CLANG_WARN_BOOL_CONVERSION = YES;
				CLANG_WARN_COMMA = YES;
				CLANG_WARN_CONSTANT_CONVERSION = YES;
				CLANG_WARN_DEPRECATED_OBJC_IMPLEMENTATIONS = YES;
				CLANG_WARN_DIRECT_OBJC_ISA_USAGE = YES_ERROR;
				CLANG_WARN_DOCUMENTATION_COMMENTS = YES;
				CLANG_WARN_EMPTY_BODY = YES;
				CLANG_WARN_ENUM_CONVERSION = YES;
				CLANG_WARN_INFINITE_RECURSION = YES;
				CLANG_WARN_INT_CONVERSION = YES;
				CLANG_WARN_NON_LITERAL_NULL_CONVERSION = YES;
				CLANG_WARN_OBJC_IMPLICIT_RETAIN_SELF = YES;
				CLANG_WARN_OBJC_LITERAL_CONVERSION = YES;
				CLANG_WARN_OBJC_ROOT_CLASS = YES_ERROR;
				CLANG_WARN_QUOTED_INCLUDE_IN_FRAMEWORK_HEADER = YES;
				CLANG_WARN_RANGE_LOOP_ANALYSIS = YES;
				CLANG_WARN_STRICT_PROTOTYPES = YES;
				CLANG_WARN_SUSPICIOUS_MOVE = YES;
				CLANG_WARN_UNGUARDED_AVAILABILITY = YES_AGGRESSIVE;
				CLANG_WARN_UNREACHABLE_CODE = YES;
				CLANG_WARN__DUPLICATE_METHOD_MATCH = YES;
				COPY_PHASE_STRIP = NO;
				DEBUG_INFORMATION_FORMAT = "dwarf-with-dsym";
				ENABLE_NS_ASSERTIONS = NO;
				ENABLE_STRICT_OBJC_MSGSEND = YES;
				GCC_C_LANGUAGE_STANDARD = gnu11;
				GCC_NO_COMMON_BLOCKS = YES;
				GCC_WARN_64_TO_32_BIT_CONVERSION = YES;
				GCC_WARN_ABOUT_RETURN_TYPE = YES_ERROR;
				GCC_WARN_UNDECLARED_SELECTOR = YES;
				GCC_WARN_UNINITIALIZED_AUTOS = YES_AGGRESSIVE;
				GCC_WARN_UNUSED_FUNCTION = YES;
				GCC_WARN_UNUSED_VARIABLE = YES;
				IPHONEOS_DEPLOYMENT_TARGET = 14.4;
				MTL_ENABLE_DEBUG_INFO = NO;
				MTL_FAST_MATH = YES;
				SDKROOT = iphoneos;
				SWIFT_COMPILATION_MODE = wholemodule;
				SWIFT_OPTIMIZATION_LEVEL = "-O";
				VALIDATE_PRODUCT = YES;
			};
			name = Release;
		};
		45E85CB526115824005FF0DB /* Debug */ = {
			isa = XCBuildConfiguration;
			baseConfigurationReference = E9BF682DB68C0947DB0FBA8A /* Pods-TIL.debug.xcconfig */;
			buildSettings = {
				ASSETCATALOG_COMPILER_APPICON_NAME = AppIcon;
				ASSETCATALOG_COMPILER_GLOBAL_ACCENT_COLOR_NAME = AccentColor;
				CODE_SIGN_STYLE = Automatic;
				DEVELOPMENT_TEAM = 2X627QQ934;
				INFOPLIST_FILE = TIL/Info.plist;
				LD_RUNPATH_SEARCH_PATHS = (
					"$(inherited)",
					"@executable_path/Frameworks",
				);
				PRODUCT_BUNDLE_IDENTIFIER = com.exception.TIL;
				PRODUCT_NAME = "$(TARGET_NAME)";
				SWIFT_VERSION = 5.0;
				TARGETED_DEVICE_FAMILY = "1,2";
			};
			name = Debug;
		};
		45E85CB626115824005FF0DB /* Release */ = {
			isa = XCBuildConfiguration;
			baseConfigurationReference = E471F84E26B779E6C5B7429B /* Pods-TIL.release.xcconfig */;
			buildSettings = {
				ASSETCATALOG_COMPILER_APPICON_NAME = AppIcon;
				ASSETCATALOG_COMPILER_GLOBAL_ACCENT_COLOR_NAME = AccentColor;
				CODE_SIGN_STYLE = Automatic;
				DEVELOPMENT_TEAM = 2X627QQ934;
				INFOPLIST_FILE = TIL/Info.plist;
				LD_RUNPATH_SEARCH_PATHS = (
					"$(inherited)",
					"@executable_path/Frameworks",
				);
				PRODUCT_BUNDLE_IDENTIFIER = com.exception.TIL;
				PRODUCT_NAME = "$(TARGET_NAME)";
				SWIFT_VERSION = 5.0;
				TARGETED_DEVICE_FAMILY = "1,2";
			};
			name = Release;
		};
		45E85CB826115824005FF0DB /* Debug */ = {
			isa = XCBuildConfiguration;
			baseConfigurationReference = C1B9D18DA9F31F410A75447E /* Pods-TILTests.debug.xcconfig */;
			buildSettings = {
				ALWAYS_EMBED_SWIFT_STANDARD_LIBRARIES = YES;
				BUNDLE_LOADER = "$(TEST_HOST)";
				CODE_SIGN_STYLE = Automatic;
				DEVELOPMENT_TEAM = 2X627QQ934;
				INFOPLIST_FILE = TILTests/Info.plist;
				IPHONEOS_DEPLOYMENT_TARGET = 14.4;
				LD_RUNPATH_SEARCH_PATHS = (
					"$(inherited)",
					"@executable_path/Frameworks",
					"@loader_path/Frameworks",
				);
				PRODUCT_BUNDLE_IDENTIFIER = com.exception.TILTests;
				PRODUCT_NAME = "$(TARGET_NAME)";
				SWIFT_VERSION = 5.0;
				TARGETED_DEVICE_FAMILY = "1,2";
				TEST_HOST = "$(BUILT_PRODUCTS_DIR)/TIL.app/TIL";
			};
			name = Debug;
		};
		45E85CB926115824005FF0DB /* Release */ = {
			isa = XCBuildConfiguration;
			baseConfigurationReference = 7968BC804130FBB58D4DC46A /* Pods-TILTests.release.xcconfig */;
			buildSettings = {
				ALWAYS_EMBED_SWIFT_STANDARD_LIBRARIES = YES;
				BUNDLE_LOADER = "$(TEST_HOST)";
				CODE_SIGN_STYLE = Automatic;
				DEVELOPMENT_TEAM = 2X627QQ934;
				INFOPLIST_FILE = TILTests/Info.plist;
				IPHONEOS_DEPLOYMENT_TARGET = 14.4;
				LD_RUNPATH_SEARCH_PATHS = (
					"$(inherited)",
					"@executable_path/Frameworks",
					"@loader_path/Frameworks",
				);
				PRODUCT_BUNDLE_IDENTIFIER = com.exception.TILTests;
				PRODUCT_NAME = "$(TARGET_NAME)";
				SWIFT_VERSION = 5.0;
				TARGETED_DEVICE_FAMILY = "1,2";
				TEST_HOST = "$(BUILT_PRODUCTS_DIR)/TIL.app/TIL";
			};
			name = Release;
		};
		45E85CBB26115824005FF0DB /* Debug */ = {
			isa = XCBuildConfiguration;
			baseConfigurationReference = CE3ED61395ADEB2B05F79519 /* Pods-TIL-TILUITests.debug.xcconfig */;
			buildSettings = {
				ALWAYS_EMBED_SWIFT_STANDARD_LIBRARIES = YES;
				CODE_SIGN_STYLE = Automatic;
				DEVELOPMENT_TEAM = 2X627QQ934;
				INFOPLIST_FILE = TILUITests/Info.plist;
				LD_RUNPATH_SEARCH_PATHS = (
					"$(inherited)",
					"@executable_path/Frameworks",
					"@loader_path/Frameworks",
				);
				PRODUCT_BUNDLE_IDENTIFIER = com.exception.TILUITests;
				PRODUCT_NAME = "$(TARGET_NAME)";
				SWIFT_VERSION = 5.0;
				TARGETED_DEVICE_FAMILY = "1,2";
				TEST_TARGET_NAME = TIL;
			};
			name = Debug;
		};
		45E85CBC26115824005FF0DB /* Release */ = {
			isa = XCBuildConfiguration;
			baseConfigurationReference = 64C7BA44EBB672C856D4E39A /* Pods-TIL-TILUITests.release.xcconfig */;
			buildSettings = {
				ALWAYS_EMBED_SWIFT_STANDARD_LIBRARIES = YES;
				CODE_SIGN_STYLE = Automatic;
				DEVELOPMENT_TEAM = 2X627QQ934;
				INFOPLIST_FILE = TILUITests/Info.plist;
				LD_RUNPATH_SEARCH_PATHS = (
					"$(inherited)",
					"@executable_path/Frameworks",
					"@loader_path/Frameworks",
				);
				PRODUCT_BUNDLE_IDENTIFIER = com.exception.TILUITests;
				PRODUCT_NAME = "$(TARGET_NAME)";
				SWIFT_VERSION = 5.0;
				TARGETED_DEVICE_FAMILY = "1,2";
				TEST_TARGET_NAME = TIL;
			};
			name = Release;
		};
/* End XCBuildConfiguration section */

/* Begin XCConfigurationList section */
		45E85C8526115823005FF0DB /* Build configuration list for PBXProject "TIL" */ = {
			isa = XCConfigurationList;
			buildConfigurations = (
				45E85CB226115824005FF0DB /* Debug */,
				45E85CB326115824005FF0DB /* Release */,
			);
			defaultConfigurationIsVisible = 0;
			defaultConfigurationName = Release;
		};
		45E85CB426115824005FF0DB /* Build configuration list for PBXNativeTarget "TIL" */ = {
			isa = XCConfigurationList;
			buildConfigurations = (
				45E85CB526115824005FF0DB /* Debug */,
				45E85CB626115824005FF0DB /* Release */,
			);
			defaultConfigurationIsVisible = 0;
			defaultConfigurationName = Release;
		};
		45E85CB726115824005FF0DB /* Build configuration list for PBXNativeTarget "TILTests" */ = {
			isa = XCConfigurationList;
			buildConfigurations = (
				45E85CB826115824005FF0DB /* Debug */,
				45E85CB926115824005FF0DB /* Release */,
			);
			defaultConfigurationIsVisible = 0;
			defaultConfigurationName = Release;
		};
		45E85CBA26115824005FF0DB /* Build configuration list for PBXNativeTarget "TILUITests" */ = {
			isa = XCConfigurationList;
			buildConfigurations = (
				45E85CBB26115824005FF0DB /* Debug */,
				45E85CBC26115824005FF0DB /* Release */,
			);
			defaultConfigurationIsVisible = 0;
			defaultConfigurationName = Release;
		};
/* End XCConfigurationList section */
	};
	rootObject = 45E85C8226115823005FF0DB /* Project object */;
}
